
Microsoft Visual Studio Solution File, Format Version 12.00
# Visual Studio Version 17
VisualStudioVersion = 17.9.34723.18
MinimumVisualStudioVersion = 10.0.40219.1
Project("{9A19103F-16F7-4668-BE54-9A1E7A4F7556}") = "Clases", "Clases\Clases.csproj", "{E152AFBD-2C9A-4691-A759-3B5F7196F8A0}"
EndProject
Project("{9A19103F-16F7-4668-BE54-9A1E7A4F7556}") = "BLL", "BLL\BLL.csproj", "{C8C531E0-7339-4CAA-9C72-AEF61045ECF9}"
	ProjectSection(ProjectDependencies) = postProject
		{0FDB8E99-51D9-43CB-918D-21EDCD5A1988} = {0FDB8E99-51D9-43CB-918D-21EDCD5A1988}
		{E152AFBD-2C9A-4691-A759-3B5F7196F8A0} = {E152AFBD-2C9A-4691-A759-3B5F7196F8A0}
	EndProjectSection
EndProject
Project("{9A19103F-16F7-4668-BE54-9A1E7A4F7556}") = "DAO", "DAO\DAO.csproj", "{0FDB8E99-51D9-43CB-918D-21EDCD5A1988}"
EndProject
Project("{9A19103F-16F7-4668-BE54-9A1E7A4F7556}") = "WebApplication1", "WebApplication1\WebApplication1.csproj", "{B6CCC67B-DB8A-4580-B42A-A45B5E687091}"
EndProject
Global
	GlobalSection(SolutionConfigurationPlatforms) = preSolution
		Debug|Any CPU = Debug|Any CPU
		Release|Any CPU = Release|Any CPU
	EndGlobalSection
	GlobalSection(ProjectConfigurationPlatforms) = postSolution
		{E152AFBD-2C9A-4691-A759-3B5F7196F8A0}.Debug|Any CPU.ActiveCfg = Debug|Any CPU
		{E152AFBD-2C9A-4691-A759-3B5F7196F8A0}.Debug|Any CPU.Build.0 = Debug|Any CPU
		{E152AFBD-2C9A-4691-A759-3B5F7196F8A0}.Release|Any CPU.ActiveCfg = Release|Any CPU
		{E152AFBD-2C9A-4691-A759-3B5F7196F8A0}.Release|Any CPU.Build.0 = Release|Any CPU
		{C8C531E0-7339-4CAA-9C72-AEF61045ECF9}.Debug|Any CPU.ActiveCfg = Debug|Any CPU
		{C8C531E0-7339-4CAA-9C72-AEF61045ECF9}.Debug|Any CPU.Build.0 = Debug|Any CPU
		{C8C531E0-7339-4CAA-9C72-AEF61045ECF9}.Release|Any CPU.ActiveCfg = Release|Any CPU
		{C8C531E0-7339-4CAA-9C72-AEF61045ECF9}.Release|Any CPU.Build.0 = Release|Any CPU
		{0FDB8E99-51D9-43CB-918D-21EDCD5A1988}.Debug|Any CPU.ActiveCfg = Debug|Any CPU
		{0FDB8E99-51D9-43CB-918D-21EDCD5A1988}.Debug|Any CPU.Build.0 = Debug|Any CPU
		{0FDB8E99-51D9-43CB-918D-21EDCD5A1988}.Release|Any CPU.ActiveCfg = Release|Any CPU
		{0FDB8E99-51D9-43CB-918D-21EDCD5A1988}.Release|Any CPU.Build.0 = Release|Any CPU
		{B6CCC67B-DB8A-4580-B42A-A45B5E687091}.Debug|Any CPU.ActiveCfg = Debug|Any CPU
		{B6CCC67B-DB8A-4580-B42A-A45B5E687091}.Debug|Any CPU.Build.0 = Debug|Any CPU
		{B6CCC67B-DB8A-4580-B42A-A45B5E687091}.Release|Any CPU.ActiveCfg = Release|Any CPU
		{B6CCC67B-DB8A-4580-B42A-A45B5E687091}.Release|Any CPU.Build.0 = Release|Any CPU
	EndGlobalSection
	GlobalSection(SolutionProperties) = preSolution
		HideSolutionNode = FALSE
	EndGlobalSection
	GlobalSection(ExtensibilityGlobals) = postSolution
		SolutionGuid = {3E00EAC3-8FE1-4CD0-8768-A285FF8BA3E1}
	EndGlobalSection
EndGlobal
